
Microsoft Visual Studio Solution File, Format Version 12.00
# Visual Studio Version 17
VisualStudioVersion = 17.11.35303.130
MinimumVisualStudioVersion = 10.0.40219.1
Project("{FAE04EC0-301F-11D3-BF4B-00C04F79EFBC}") = "EShopService", "EShopService\EShopService.csproj", "{7174D917-04FD-444C-B0FE-61C05225B047}"
EndProject
Project("{FAE04EC0-301F-11D3-BF4B-00C04F79EFBC}") = "EShop.Application", "EShop.Application\EShop.Application.csproj", "{02EF25BD-D4B1-455F-B89D-1EF59D780C7F}"
EndProject
Project("{FAE04EC0-301F-11D3-BF4B-00C04F79EFBC}") = "EShop.Application.Tests", "EShop.Application.Tests\EShop.Application.Tests.csproj", "{98F5BD33-02D0-413F-ADC2-A1EE552ED04F}"
EndProject
Project("{FAE04EC0-301F-11D3-BF4B-00C04F79EFBC}") = "EShop.Domain", "EShop.Domain\EShop.Domain.csproj", "{0500BD6F-4631-4A6B-BED4-3509D59FD119}"
EndProject
Project("{FAE04EC0-301F-11D3-BF4B-00C04F79EFBC}") = "EShop.Domain.Tests", "EShop.Domain.Tests\EShop.Domain.Tests.csproj", "{84CE41C2-2FE5-446D-8615-CDC8EC7A155E}"
EndProject
Global
	GlobalSection(SolutionConfigurationPlatforms) = preSolution
		Debug|Any CPU = Debug|Any CPU
		Release|Any CPU = Release|Any CPU
	EndGlobalSection
	GlobalSection(ProjectConfigurationPlatforms) = postSolution
		{7174D917-04FD-444C-B0FE-61C05225B047}.Debug|Any CPU.ActiveCfg = Debug|Any CPU
		{7174D917-04FD-444C-B0FE-61C05225B047}.Debug|Any CPU.Build.0 = Debug|Any CPU
		{7174D917-04FD-444C-B0FE-61C05225B047}.Release|Any CPU.ActiveCfg = Release|Any CPU
		{7174D917-04FD-444C-B0FE-61C05225B047}.Release|Any CPU.Build.0 = Release|Any CPU
		{02EF25BD-D4B1-455F-B89D-1EF59D780C7F}.Debug|Any CPU.ActiveCfg = Debug|Any CPU
		{02EF25BD-D4B1-455F-B89D-1EF59D780C7F}.Debug|Any CPU.Build.0 = Debug|Any CPU
		{02EF25BD-D4B1-455F-B89D-1EF59D780C7F}.Release|Any CPU.ActiveCfg = Release|Any CPU
		{02EF25BD-D4B1-455F-B89D-1EF59D780C7F}.Release|Any CPU.Build.0 = Release|Any CPU
		{98F5BD33-02D0-413F-ADC2-A1EE552ED04F}.Debug|Any CPU.ActiveCfg = Debug|Any CPU
		{98F5BD33-02D0-413F-ADC2-A1EE552ED04F}.Debug|Any CPU.Build.0 = Debug|Any CPU
		{98F5BD33-02D0-413F-ADC2-A1EE552ED04F}.Release|Any CPU.ActiveCfg = Release|Any CPU
		{98F5BD33-02D0-413F-ADC2-A1EE552ED04F}.Release|Any CPU.Build.0 = Release|Any CPU
		{0500BD6F-4631-4A6B-BED4-3509D59FD119}.Debug|Any CPU.ActiveCfg = Debug|Any CPU
		{0500BD6F-4631-4A6B-BED4-3509D59FD119}.Debug|Any CPU.Build.0 = Debug|Any CPU
		{0500BD6F-4631-4A6B-BED4-3509D59FD119}.Release|Any CPU.ActiveCfg = Release|Any CPU
		{0500BD6F-4631-4A6B-BED4-3509D59FD119}.Release|Any CPU.Build.0 = Release|Any CPU
		{84CE41C2-2FE5-446D-8615-CDC8EC7A155E}.Debug|Any CPU.ActiveCfg = Debug|Any CPU
		{84CE41C2-2FE5-446D-8615-CDC8EC7A155E}.Debug|Any CPU.Build.0 = Debug|Any CPU
		{84CE41C2-2FE5-446D-8615-CDC8EC7A155E}.Release|Any CPU.ActiveCfg = Release|Any CPU
		{84CE41C2-2FE5-446D-8615-CDC8EC7A155E}.Release|Any CPU.Build.0 = Release|Any CPU
	EndGlobalSection
	GlobalSection(SolutionProperties) = preSolution
		HideSolutionNode = FALSE
	EndGlobalSection
	GlobalSection(ExtensibilityGlobals) = postSolution
		SolutionGuid = {0FFCC9F8-5AF8-4895-9816-974FD1EE0FCD}
	EndGlobalSection
EndGlobal
